
Microsoft Visual Studio Solution File, Format Version 12.00
# Visual Studio 15
VisualStudioVersion = 15.0.28307.168
MinimumVisualStudioVersion = 10.0.40219.1
Project("{FAE04EC0-301F-11D3-BF4B-00C04F79EFBC}") = "c0696464", "c0696464\c0696464.csproj", "{39D4C008-A2DB-4ACF-B04D-6DD677DD88E7}"
EndProject
Global
	GlobalSection(SolutionConfigurationPlatforms) = preSolution
		Debug|Any CPU = Debug|Any CPU
		Release|Any CPU = Release|Any CPU
	EndGlobalSection
	GlobalSection(ProjectConfigurationPlatforms) = postSolution
		{39D4C008-A2DB-4ACF-B04D-6DD677DD88E7}.Debug|Any CPU.ActiveCfg = Debug|Any CPU
		{39D4C008-A2DB-4ACF-B04D-6DD677DD88E7}.Debug|Any CPU.Build.0 = Debug|Any CPU
		{39D4C008-A2DB-4ACF-B04D-6DD677DD88E7}.Release|Any CPU.ActiveCfg = Release|Any CPU
		{39D4C008-A2DB-4ACF-B04D-6DD677DD88E7}.Release|Any CPU.Build.0 = Release|Any CPU
	EndGlobalSection
	GlobalSection(SolutionProperties) = preSolution
		HideSolutionNode = FALSE
	EndGlobalSection
	GlobalSection(ExtensibilityGlobals) = postSolution
		SolutionGuid = {A1DB86CD-1F48-485A-A99C-C2646CE4CD41}
	EndGlobalSection
EndGlobal
